// !$*UTF8*$!
{
	archiveVersion = 1;
	classes = {
	};
	objectVersion = 56;
	objects = {

/* Begin PBXBuildFile section */
		042A518F2B29BE77003C1D54 /* CustomTextField.swift in Sources */ = {isa = PBXBuildFile; fileRef = 042A518E2B29BE77003C1D54 /* CustomTextField.swift */; };
		04684DAD2B3434DA000A3451 /* Validator.swift in Sources */ = {isa = PBXBuildFile; fileRef = 04684DAC2B3434DA000A3451 /* Validator.swift */; };
		0477A8902B32E3EA009F417E /* AlertManager.swift in Sources */ = {isa = PBXBuildFile; fileRef = 0477A88F2B32E3EA009F417E /* AlertManager.swift */; };
		0477A8922B32EAAD009F417E /* GoogleService-Info.plist in Resources */ = {isa = PBXBuildFile; fileRef = 0477A8912B32EAAD009F417E /* GoogleService-Info.plist */; };
		0477A8952B32ECF7009F417E /* FirebaseAnalytics in Frameworks */ = {isa = PBXBuildFile; productRef = 0477A8942B32ECF7009F417E /* FirebaseAnalytics */; };
		0477A8972B32ECF7009F417E /* FirebaseAnalyticsOnDeviceConversion in Frameworks */ = {isa = PBXBuildFile; productRef = 0477A8962B32ECF7009F417E /* FirebaseAnalyticsOnDeviceConversion */; };
		0477A8992B32ECF7009F417E /* FirebaseAnalyticsSwift in Frameworks */ = {isa = PBXBuildFile; productRef = 0477A8982B32ECF7009F417E /* FirebaseAnalyticsSwift */; };
		0477A89B2B32ECF7009F417E /* FirebaseAnalyticsWithoutAdIdSupport in Frameworks */ = {isa = PBXBuildFile; productRef = 0477A89A2B32ECF7009F417E /* FirebaseAnalyticsWithoutAdIdSupport */; };
		0477A89D2B32ECF7009F417E /* FirebaseAppCheck in Frameworks */ = {isa = PBXBuildFile; productRef = 0477A89C2B32ECF7009F417E /* FirebaseAppCheck */; };
		0477A89F2B32EE9E009F417E /* AuthenticationService.swift in Sources */ = {isa = PBXBuildFile; fileRef = 0477A89E2B32EE9E009F417E /* AuthenticationService.swift */; };
		0477A8A22B32F412009F417E /* FirebaseAuth in Frameworks */ = {isa = PBXBuildFile; productRef = 0477A8A12B32F412009F417E /* FirebaseAuth */; };
		0477A8A52B32F5DC009F417E /* UserRequest.swift in Sources */ = {isa = PBXBuildFile; fileRef = 0477A8A42B32F5DC009F417E /* UserRequest.swift */; };
		0477A8A72B32F9A2009F417E /* FirebaseFirestore in Frameworks */ = {isa = PBXBuildFile; productRef = 0477A8A62B32F9A2009F417E /* FirebaseFirestore */; };
		0494A4AC2B2AE9840094F34B /* CustomButton.swift in Sources */ = {isa = PBXBuildFile; fileRef = 0494A4AB2B2AE9840094F34B /* CustomButton.swift */; };
		04F72C062B2852A70071100D /* AppDelegate.swift in Sources */ = {isa = PBXBuildFile; fileRef = 04F72C052B2852A70071100D /* AppDelegate.swift */; };
		04F72C082B2852A70071100D /* SceneDelegate.swift in Sources */ = {isa = PBXBuildFile; fileRef = 04F72C072B2852A70071100D /* SceneDelegate.swift */; };
		04F72C0A2B2852A70071100D /* HomeController.swift in Sources */ = {isa = PBXBuildFile; fileRef = 04F72C092B2852A70071100D /* HomeController.swift */; };
		04F72C0F2B2852A70071100D /* Assets.xcassets in Resources */ = {isa = PBXBuildFile; fileRef = 04F72C0E2B2852A70071100D /* Assets.xcassets */; };
		04F72C122B2852A70071100D /* LaunchScreen.storyboard in Resources */ = {isa = PBXBuildFile; fileRef = 04F72C102B2852A70071100D /* LaunchScreen.storyboard */; };
		04F72C1C2B2860F20071100D /* LoginController.swift in Sources */ = {isa = PBXBuildFile; fileRef = 04F72C1B2B2860F20071100D /* LoginController.swift */; };
		04F72C1E2B2861000071100D /* RegistrationController.swift in Sources */ = {isa = PBXBuildFile; fileRef = 04F72C1D2B2861000071100D /* RegistrationController.swift */; };
		04F72C202B2861120071100D /* ForgotPasswordController.swift in Sources */ = {isa = PBXBuildFile; fileRef = 04F72C1F2B2861120071100D /* ForgotPasswordController.swift */; };
/* End PBXBuildFile section */

/* Begin PBXFileReference section */
		042A518E2B29BE77003C1D54 /* CustomTextField.swift */ = {isa = PBXFileReference; lastKnownFileType = sourcecode.swift; path = CustomTextField.swift; sourceTree = "<group>"; };
		04684DAC2B3434DA000A3451 /* Validator.swift */ = {isa = PBXFileReference; lastKnownFileType = sourcecode.swift; path = Validator.swift; sourceTree = "<group>"; };
		0477A88F2B32E3EA009F417E /* AlertManager.swift */ = {isa = PBXFileReference; lastKnownFileType = sourcecode.swift; path = AlertManager.swift; sourceTree = "<group>"; };
		0477A8912B32EAAD009F417E /* GoogleService-Info.plist */ = {isa = PBXFileReference; fileEncoding = 4; lastKnownFileType = text.plist.xml; path = "GoogleService-Info.plist"; sourceTree = "<group>"; };
		0477A89E2B32EE9E009F417E /* AuthenticationService.swift */ = {isa = PBXFileReference; lastKnownFileType = sourcecode.swift; path = AuthenticationService.swift; sourceTree = "<group>"; };
		0477A8A42B32F5DC009F417E /* UserRequest.swift */ = {isa = PBXFileReference; lastKnownFileType = sourcecode.swift; path = UserRequest.swift; sourceTree = "<group>"; };
		0494A4AB2B2AE9840094F34B /* CustomButton.swift */ = {isa = PBXFileReference; lastKnownFileType = sourcecode.swift; path = CustomButton.swift; sourceTree = "<group>"; };
		04F72C022B2852A70071100D /* PetWalking.app */ = {isa = PBXFileReference; explicitFileType = wrapper.application; includeInIndex = 0; path = PetWalking.app; sourceTree = BUILT_PRODUCTS_DIR; };
		04F72C052B2852A70071100D /* AppDelegate.swift */ = {isa = PBXFileReference; lastKnownFileType = sourcecode.swift; path = AppDelegate.swift; sourceTree = "<group>"; };
		04F72C072B2852A70071100D /* SceneDelegate.swift */ = {isa = PBXFileReference; lastKnownFileType = sourcecode.swift; path = SceneDelegate.swift; sourceTree = "<group>"; };
		04F72C092B2852A70071100D /* HomeController.swift */ = {isa = PBXFileReference; lastKnownFileType = sourcecode.swift; path = HomeController.swift; sourceTree = "<group>"; };
		04F72C0E2B2852A70071100D /* Assets.xcassets */ = {isa = PBXFileReference; lastKnownFileType = folder.assetcatalog; path = Assets.xcassets; sourceTree = "<group>"; };
		04F72C112B2852A70071100D /* Base */ = {isa = PBXFileReference; lastKnownFileType = file.storyboard; name = Base; path = Base.lproj/LaunchScreen.storyboard; sourceTree = "<group>"; };
		04F72C132B2852A70071100D /* Info.plist */ = {isa = PBXFileReference; lastKnownFileType = text.plist.xml; path = Info.plist; sourceTree = "<group>"; };
		04F72C1B2B2860F20071100D /* LoginController.swift */ = {isa = PBXFileReference; lastKnownFileType = sourcecode.swift; path = LoginController.swift; sourceTree = "<group>"; };
		04F72C1D2B2861000071100D /* RegistrationController.swift */ = {isa = PBXFileReference; lastKnownFileType = sourcecode.swift; path = RegistrationController.swift; sourceTree = "<group>"; };
		04F72C1F2B2861120071100D /* ForgotPasswordController.swift */ = {isa = PBXFileReference; lastKnownFileType = sourcecode.swift; path = ForgotPasswordController.swift; sourceTree = "<group>"; };
/* End PBXFileReference section */

/* Begin PBXFrameworksBuildPhase section */
		04F72BFF2B2852A70071100D /* Frameworks */ = {
			isa = PBXFrameworksBuildPhase;
			buildActionMask = 2147483647;
			files = (
				0477A8992B32ECF7009F417E /* FirebaseAnalyticsSwift in Frameworks */,
				0477A8A22B32F412009F417E /* FirebaseAuth in Frameworks */,
				0477A8952B32ECF7009F417E /* FirebaseAnalytics in Frameworks */,
				0477A8972B32ECF7009F417E /* FirebaseAnalyticsOnDeviceConversion in Frameworks */,
				0477A89D2B32ECF7009F417E /* FirebaseAppCheck in Frameworks */,
				0477A89B2B32ECF7009F417E /* FirebaseAnalyticsWithoutAdIdSupport in Frameworks */,
				0477A8A72B32F9A2009F417E /* FirebaseFirestore in Frameworks */,
			);
			runOnlyForDeploymentPostprocessing = 0;
		};
/* End PBXFrameworksBuildPhase section */

/* Begin PBXGroup section */
		0477A88D2B32E3CE009F417E /* Controllers */ = {
			isa = PBXGroup;
			children = (
				04F72C092B2852A70071100D /* HomeController.swift */,
				04F72C1B2B2860F20071100D /* LoginController.swift */,
				04F72C1D2B2861000071100D /* RegistrationController.swift */,
				04F72C1F2B2861120071100D /* ForgotPasswordController.swift */,
			);
			path = Controllers;
			sourceTree = "<group>";
		};
		0477A8A02B32F412009F417E /* Frameworks */ = {
			isa = PBXGroup;
			children = (
			);
			name = Frameworks;
			sourceTree = "<group>";
		};
		0477A8A32B32F489009F417E /* Models */ = {
			isa = PBXGroup;
			children = (
				0477A8A42B32F5DC009F417E /* UserRequest.swift */,
			);
			path = Models;
			sourceTree = "<group>";
		};
		04F72BF92B2852A70071100D = {
			isa = PBXGroup;
			children = (
				04F72C042B2852A70071100D /* PetWalking */,
				04F72C032B2852A70071100D /* Products */,
				0477A8A02B32F412009F417E /* Frameworks */,
			);
			sourceTree = "<group>";
		};
		04F72C032B2852A70071100D /* Products */ = {
			isa = PBXGroup;
			children = (
				04F72C022B2852A70071100D /* PetWalking.app */,
			);
			name = Products;
			sourceTree = "<group>";
		};
		04F72C042B2852A70071100D /* PetWalking */ = {
			isa = PBXGroup;
			children = (
				0477A8A32B32F489009F417E /* Models */,
				0477A88D2B32E3CE009F417E /* Controllers */,
				04F72C1A2B28609E0071100D /* Views */,
				04F72C192B2854BA0071100D /* Support */,
				04F72C132B2852A70071100D /* Info.plist */,
				0477A89E2B32EE9E009F417E /* AuthenticationService.swift */,
				0477A88F2B32E3EA009F417E /* AlertManager.swift */,
				04684DAC2B3434DA000A3451 /* Validator.swift */,
			);
			path = PetWalking;
			sourceTree = "<group>";
		};
		04F72C192B2854BA0071100D /* Support */ = {
			isa = PBXGroup;
			children = (
				0477A8912B32EAAD009F417E /* GoogleService-Info.plist */,
				04F72C052B2852A70071100D /* AppDelegate.swift */,
				04F72C072B2852A70071100D /* SceneDelegate.swift */,
				04F72C0E2B2852A70071100D /* Assets.xcassets */,
				04F72C102B2852A70071100D /* LaunchScreen.storyboard */,
			);
			path = Support;
			sourceTree = "<group>";
		};
		04F72C1A2B28609E0071100D /* Views */ = {
			isa = PBXGroup;
			children = (
				042A518E2B29BE77003C1D54 /* CustomTextField.swift */,
				0494A4AB2B2AE9840094F34B /* CustomButton.swift */,
			);
			path = Views;
			sourceTree = "<group>";
		};
/* End PBXGroup section */

/* Begin PBXNativeTarget section */
		04F72C012B2852A70071100D /* PetWalking */ = {
			isa = PBXNativeTarget;
			buildConfigurationList = 04F72C162B2852A70071100D /* Build configuration list for PBXNativeTarget "PetWalking" */;
			buildPhases = (
				04F72BFE2B2852A70071100D /* Sources */,
				04F72BFF2B2852A70071100D /* Frameworks */,
				04F72C002B2852A70071100D /* Resources */,
			);
			buildRules = (
			);
			dependencies = (
			);
			name = PetWalking;
			packageProductDependencies = (
				0477A8942B32ECF7009F417E /* FirebaseAnalytics */,
				0477A8962B32ECF7009F417E /* FirebaseAnalyticsOnDeviceConversion */,
				0477A8982B32ECF7009F417E /* FirebaseAnalyticsSwift */,
				0477A89A2B32ECF7009F417E /* FirebaseAnalyticsWithoutAdIdSupport */,
				0477A89C2B32ECF7009F417E /* FirebaseAppCheck */,
				0477A8A12B32F412009F417E /* FirebaseAuth */,
				0477A8A62B32F9A2009F417E /* FirebaseFirestore */,
			);
			productName = PetWalking;
			productReference = 04F72C022B2852A70071100D /* PetWalking.app */;
			productType = "com.apple.product-type.application";
		};
/* End PBXNativeTarget section */

/* Begin PBXProject section */
		04F72BFA2B2852A70071100D /* Project object */ = {
			isa = PBXProject;
			attributes = {
				BuildIndependentTargetsInParallel = 1;
				LastSwiftUpdateCheck = 1500;
				LastUpgradeCheck = 1500;
				TargetAttributes = {
					04F72C012B2852A70071100D = {
						CreatedOnToolsVersion = 15.0.1;
					};
				};
			};
			buildConfigurationList = 04F72BFD2B2852A70071100D /* Build configuration list for PBXProject "PetWalking" */;
			compatibilityVersion = "Xcode 14.0";
			developmentRegion = en;
			hasScannedForEncodings = 0;
			knownRegions = (
				en,
				Base,
			);
			mainGroup = 04F72BF92B2852A70071100D;
			packageReferences = (
				0477A8932B32ECF7009F417E /* XCRemoteSwiftPackageReference "firebase-ios-sdk" */,
			);
			productRefGroup = 04F72C032B2852A70071100D /* Products */;
			projectDirPath = "";
			projectRoot = "";
			targets = (
				04F72C012B2852A70071100D /* PetWalking */,
			);
		};
/* End PBXProject section */

/* Begin PBXResourcesBuildPhase section */
		04F72C002B2852A70071100D /* Resources */ = {
			isa = PBXResourcesBuildPhase;
			buildActionMask = 2147483647;
			files = (
				04F72C122B2852A70071100D /* LaunchScreen.storyboard in Resources */,
				04F72C0F2B2852A70071100D /* Assets.xcassets in Resources */,
				0477A8922B32EAAD009F417E /* GoogleService-Info.plist in Resources */,
			);
			runOnlyForDeploymentPostprocessing = 0;
		};
/* End PBXResourcesBuildPhase section */

/* Begin PBXSourcesBuildPhase section */
		04F72BFE2B2852A70071100D /* Sources */ = {
			isa = PBXSourcesBuildPhase;
			buildActionMask = 2147483647;
			files = (
				042A518F2B29BE77003C1D54 /* CustomTextField.swift in Sources */,
				04F72C1E2B2861000071100D /* RegistrationController.swift in Sources */,
				04F72C202B2861120071100D /* ForgotPasswordController.swift in Sources */,
				04F72C0A2B2852A70071100D /* HomeController.swift in Sources */,
				04684DAD2B3434DA000A3451 /* Validator.swift in Sources */,
				0494A4AC2B2AE9840094F34B /* CustomButton.swift in Sources */,
				04F72C1C2B2860F20071100D /* LoginController.swift in Sources */,
				04F72C062B2852A70071100D /* AppDelegate.swift in Sources */,
				0477A8A52B32F5DC009F417E /* UserRequest.swift in Sources */,
				04F72C082B2852A70071100D /* SceneDelegate.swift in Sources */,
				0477A8902B32E3EA009F417E /* AlertManager.swift in Sources */,
				0477A89F2B32EE9E009F417E /* AuthenticationService.swift in Sources */,
			);
			runOnlyForDeploymentPostprocessing = 0;
		};
/* End PBXSourcesBuildPhase section */

/* Begin PBXVariantGroup section */
		04F72C102B2852A70071100D /* LaunchScreen.storyboard */ = {
			isa = PBXVariantGroup;
			children = (
				04F72C112B2852A70071100D /* Base */,
			);
			name = LaunchScreen.storyboard;
			sourceTree = "<group>";
		};
/* End PBXVariantGroup section */

/* Begin XCBuildConfiguration section */
		04F72C142B2852A70071100D /* Debug */ = {
			isa = XCBuildConfiguration;
			buildSettings = {
				ALWAYS_SEARCH_USER_PATHS = NO;
				ASSETCATALOG_COMPILER_GENERATE_SWIFT_ASSET_SYMBOL_EXTENSIONS = YES;
				CLANG_ANALYZER_NONNULL = YES;
				CLANG_ANALYZER_NUMBER_OBJECT_CONVERSION = YES_AGGRESSIVE;
				CLANG_CXX_LANGUAGE_STANDARD = "gnu++20";
				CLANG_ENABLE_MODULES = YES;
				CLANG_ENABLE_OBJC_ARC = YES;
				CLANG_ENABLE_OBJC_WEAK = YES;
				CLANG_WARN_BLOCK_CAPTURE_AUTORELEASING = YES;
				CLANG_WARN_BOOL_CONVERSION = YES;
				CLANG_WARN_COMMA = YES;
				CLANG_WARN_CONSTANT_CONVERSION = YES;
				CLANG_WARN_DEPRECATED_OBJC_IMPLEMENTATIONS = YES;
				CLANG_WARN_DIRECT_OBJC_ISA_USAGE = YES_ERROR;
				CLANG_WARN_DOCUMENTATION_COMMENTS = YES;
				CLANG_WARN_EMPTY_BODY = YES;
				CLANG_WARN_ENUM_CONVERSION = YES;
				CLANG_WARN_INFINITE_RECURSION = YES;
				CLANG_WARN_INT_CONVERSION = YES;
				CLANG_WARN_NON_LITERAL_NULL_CONVERSION = YES;
				CLANG_WARN_OBJC_IMPLICIT_RETAIN_SELF = YES;
				CLANG_WARN_OBJC_LITERAL_CONVERSION = YES;
				CLANG_WARN_OBJC_ROOT_CLASS = YES_ERROR;
				CLANG_WARN_QUOTED_INCLUDE_IN_FRAMEWORK_HEADER = YES;
				CLANG_WARN_RANGE_LOOP_ANALYSIS = YES;
				CLANG_WARN_STRICT_PROTOTYPES = YES;
				CLANG_WARN_SUSPICIOUS_MOVE = YES;
				CLANG_WARN_UNGUARDED_AVAILABILITY = YES_AGGRESSIVE;
				CLANG_WARN_UNREACHABLE_CODE = YES;
				CLANG_WARN__DUPLICATE_METHOD_MATCH = YES;
				COPY_PHASE_STRIP = NO;
				DEBUG_INFORMATION_FORMAT = dwarf;
				ENABLE_STRICT_OBJC_MSGSEND = YES;
				ENABLE_TESTABILITY = YES;
				ENABLE_USER_SCRIPT_SANDBOXING = YES;
				GCC_C_LANGUAGE_STANDARD = gnu17;
				GCC_DYNAMIC_NO_PIC = NO;
				GCC_NO_COMMON_BLOCKS = YES;
				GCC_OPTIMIZATION_LEVEL = 0;
				GCC_PREPROCESSOR_DEFINITIONS = (
					"DEBUG=1",
					"$(inherited)",
				);
				GCC_WARN_64_TO_32_BIT_CONVERSION = YES;
				GCC_WARN_ABOUT_RETURN_TYPE = YES_ERROR;
				GCC_WARN_UNDECLARED_SELECTOR = YES;
				GCC_WARN_UNINITIALIZED_AUTOS = YES_AGGRESSIVE;
				GCC_WARN_UNUSED_FUNCTION = YES;
				GCC_WARN_UNUSED_VARIABLE = YES;
				IPHONEOS_DEPLOYMENT_TARGET = 16.0;
				LOCALIZATION_PREFERS_STRING_CATALOGS = YES;
				MTL_ENABLE_DEBUG_INFO = INCLUDE_SOURCE;
				MTL_FAST_MATH = YES;
				ONLY_ACTIVE_ARCH = YES;
				SDKROOT = iphoneos;
				SWIFT_ACTIVE_COMPILATION_CONDITIONS = "DEBUG $(inherited)";
				SWIFT_OPTIMIZATION_LEVEL = "-Onone";
			};
			name = Debug;
		};
		04F72C152B2852A70071100D /* Release */ = {
			isa = XCBuildConfiguration;
			buildSettings = {
				ALWAYS_SEARCH_USER_PATHS = NO;
				ASSETCATALOG_COMPILER_GENERATE_SWIFT_ASSET_SYMBOL_EXTENSIONS = YES;
				CLANG_ANALYZER_NONNULL = YES;
				CLANG_ANALYZER_NUMBER_OBJECT_CONVERSION = YES_AGGRESSIVE;
				CLANG_CXX_LANGUAGE_STANDARD = "gnu++20";
				CLANG_ENABLE_MODULES = YES;
				CLANG_ENABLE_OBJC_ARC = YES;
				CLANG_ENABLE_OBJC_WEAK = YES;
				CLANG_WARN_BLOCK_CAPTURE_AUTORELEASING = YES;
				CLANG_WARN_BOOL_CONVERSION = YES;
				CLANG_WARN_COMMA = YES;
				CLANG_WARN_CONSTANT_CONVERSION = YES;
				CLANG_WARN_DEPRECATED_OBJC_IMPLEMENTATIONS = YES;
				CLANG_WARN_DIRECT_OBJC_ISA_USAGE = YES_ERROR;
				CLANG_WARN_DOCUMENTATION_COMMENTS = YES;
				CLANG_WARN_EMPTY_BODY = YES;
				CLANG_WARN_ENUM_CONVERSION = YES;
				CLANG_WARN_INFINITE_RECURSION = YES;
				CLANG_WARN_INT_CONVERSION = YES;
				CLANG_WARN_NON_LITERAL_NULL_CONVERSION = YES;
				CLANG_WARN_OBJC_IMPLICIT_RETAIN_SELF = YES;
				CLANG_WARN_OBJC_LITERAL_CONVERSION = YES;
				CLANG_WARN_OBJC_ROOT_CLASS = YES_ERROR;
				CLANG_WARN_QUOTED_INCLUDE_IN_FRAMEWORK_HEADER = YES;
				CLANG_WARN_RANGE_LOOP_ANALYSIS = YES;
				CLANG_WARN_STRICT_PROTOTYPES = YES;
				CLANG_WARN_SUSPICIOUS_MOVE = YES;
				CLANG_WARN_UNGUARDED_AVAILABILITY = YES_AGGRESSIVE;
				CLANG_WARN_UNREACHABLE_CODE = YES;
				CLANG_WARN__DUPLICATE_METHOD_MATCH = YES;
				COPY_PHASE_STRIP = NO;
				DEBUG_INFORMATION_FORMAT = "dwarf-with-dsym";
				ENABLE_NS_ASSERTIONS = NO;
				ENABLE_STRICT_OBJC_MSGSEND = YES;
				ENABLE_USER_SCRIPT_SANDBOXING = YES;
				GCC_C_LANGUAGE_STANDARD = gnu17;
				GCC_NO_COMMON_BLOCKS = YES;
				GCC_WARN_64_TO_32_BIT_CONVERSION = YES;
				GCC_WARN_ABOUT_RETURN_TYPE = YES_ERROR;
				GCC_WARN_UNDECLARED_SELECTOR = YES;
				GCC_WARN_UNINITIALIZED_AUTOS = YES_AGGRESSIVE;
				GCC_WARN_UNUSED_FUNCTION = YES;
				GCC_WARN_UNUSED_VARIABLE = YES;
				IPHONEOS_DEPLOYMENT_TARGET = 16.0;
				LOCALIZATION_PREFERS_STRING_CATALOGS = YES;
				MTL_ENABLE_DEBUG_INFO = NO;
				MTL_FAST_MATH = YES;
				SDKROOT = iphoneos;
				SWIFT_COMPILATION_MODE = wholemodule;
				VALIDATE_PRODUCT = YES;
			};
			name = Release;
		};
		04F72C172B2852A70071100D /* Debug */ = {
			isa = XCBuildConfiguration;
			buildSettings = {
				ASSETCATALOG_COMPILER_APPICON_NAME = AppIcon;
				ASSETCATALOG_COMPILER_GLOBAL_ACCENT_COLOR_NAME = AccentColor;
				CODE_SIGN_STYLE = Automatic;
				CURRENT_PROJECT_VERSION = 1;
				DEVELOPMENT_TEAM = 6QP8K8B8C9;
				GENERATE_INFOPLIST_FILE = YES;
				INFOPLIST_FILE = PetWalking/Info.plist;
				INFOPLIST_KEY_UIApplicationSupportsIndirectInputEvents = YES;
				INFOPLIST_KEY_UILaunchStoryboardName = LaunchScreen;
				INFOPLIST_KEY_UISupportedInterfaceOrientations = UIInterfaceOrientationPortrait;
				INFOPLIST_KEY_UISupportedInterfaceOrientations_iPad = "UIInterfaceOrientationLandscapeLeft UIInterfaceOrientationLandscapeRight UIInterfaceOrientationPortrait UIInterfaceOrientationPortraitUpsideDown";
				IPHONEOS_DEPLOYMENT_TARGET = 16.0;
				LD_RUNPATH_SEARCH_PATHS = (
					"$(inherited)",
					"@executable_path/Frameworks",
				);
				MARKETING_VERSION = 1.0;
				PRODUCT_BUNDLE_IDENTIFIER = com.mancmiller.PetWalking;
				PRODUCT_NAME = "$(TARGET_NAME)";
				SUPPORTED_PLATFORMS = "iphoneos iphonesimulator";
				SUPPORTS_MACCATALYST = NO;
				SUPPORTS_MAC_DESIGNED_FOR_IPHONE_IPAD = NO;
				SWIFT_EMIT_LOC_STRINGS = YES;
				SWIFT_VERSION = 5.0;
				TARGETED_DEVICE_FAMILY = 1;
			};
			name = Debug;
		};
		04F72C182B2852A70071100D /* Release */ = {
			isa = XCBuildConfiguration;
			buildSettings = {
				ASSETCATALOG_COMPILER_APPICON_NAME = AppIcon;
				ASSETCATALOG_COMPILER_GLOBAL_ACCENT_COLOR_NAME = AccentColor;
				CODE_SIGN_STYLE = Automatic;
				CURRENT_PROJECT_VERSION = 1;
				DEVELOPMENT_TEAM = 6QP8K8B8C9;
				GENERATE_INFOPLIST_FILE = YES;
				INFOPLIST_FILE = PetWalking/Info.plist;
				INFOPLIST_KEY_UIApplicationSupportsIndirectInputEvents = YES;
				INFOPLIST_KEY_UILaunchStoryboardName = LaunchScreen;
				INFOPLIST_KEY_UISupportedInterfaceOrientations = UIInterfaceOrientationPortrait;
				INFOPLIST_KEY_UISupportedInterfaceOrientations_iPad = "UIInterfaceOrientationLandscapeLeft UIInterfaceOrientationLandscapeRight UIInterfaceOrientationPortrait UIInterfaceOrientationPortraitUpsideDown";
				IPHONEOS_DEPLOYMENT_TARGET = 16.0;
				LD_RUNPATH_SEARCH_PATHS = (
					"$(inherited)",
					"@executable_path/Frameworks",
				);
				MARKETING_VERSION = 1.0;
				PRODUCT_BUNDLE_IDENTIFIER = com.mancmiller.PetWalking;
				PRODUCT_NAME = "$(TARGET_NAME)";
				SUPPORTED_PLATFORMS = "iphoneos iphonesimulator";
				SUPPORTS_MACCATALYST = NO;
				SUPPORTS_MAC_DESIGNED_FOR_IPHONE_IPAD = NO;
				SWIFT_EMIT_LOC_STRINGS = YES;
				SWIFT_VERSION = 5.0;
				TARGETED_DEVICE_FAMILY = 1;
			};
			name = Release;
		};
/* End XCBuildConfiguration section */

/* Begin XCConfigurationList section */
		04F72BFD2B2852A70071100D /* Build configuration list for PBXProject "PetWalking" */ = {
			isa = XCConfigurationList;
			buildConfigurations = (
				04F72C142B2852A70071100D /* Debug */,
				04F72C152B2852A70071100D /* Release */,
			);
			defaultConfigurationIsVisible = 0;
			defaultConfigurationName = Release;
		};
		04F72C162B2852A70071100D /* Build configuration list for PBXNativeTarget "PetWalking" */ = {
			isa = XCConfigurationList;
			buildConfigurations = (
				04F72C172B2852A70071100D /* Debug */,
				04F72C182B2852A70071100D /* Release */,
			);
			defaultConfigurationIsVisible = 0;
			defaultConfigurationName = Release;
		};
/* End XCConfigurationList section */

/* Begin XCRemoteSwiftPackageReference section */
		0477A8932B32ECF7009F417E /* XCRemoteSwiftPackageReference "firebase-ios-sdk" */ = {
			isa = XCRemoteSwiftPackageReference;
			repositoryURL = "https://github.com/firebase/firebase-ios-sdk";
			requirement = {
				kind = upToNextMajorVersion;
				minimumVersion = 10.19.1;
			};
		};
/* End XCRemoteSwiftPackageReference section */

/* Begin XCSwiftPackageProductDependency section */
		0477A8942B32ECF7009F417E /* FirebaseAnalytics */ = {
			isa = XCSwiftPackageProductDependency;
			package = 0477A8932B32ECF7009F417E /* XCRemoteSwiftPackageReference "firebase-ios-sdk" */;
			productName = FirebaseAnalytics;
		};
		0477A8962B32ECF7009F417E /* FirebaseAnalyticsOnDeviceConversion */ = {
			isa = XCSwiftPackageProductDependency;
			package = 0477A8932B32ECF7009F417E /* XCRemoteSwiftPackageReference "firebase-ios-sdk" */;
			productName = FirebaseAnalyticsOnDeviceConversion;
		};
		0477A8982B32ECF7009F417E /* FirebaseAnalyticsSwift */ = {
			isa = XCSwiftPackageProductDependency;
			package = 0477A8932B32ECF7009F417E /* XCRemoteSwiftPackageReference "firebase-ios-sdk" */;
			productName = FirebaseAnalyticsSwift;
		};
		0477A89A2B32ECF7009F417E /* FirebaseAnalyticsWithoutAdIdSupport */ = {
			isa = XCSwiftPackageProductDependency;
			package = 0477A8932B32ECF7009F417E /* XCRemoteSwiftPackageReference "firebase-ios-sdk" */;
			productName = FirebaseAnalyticsWithoutAdIdSupport;
		};
		0477A89C2B32ECF7009F417E /* FirebaseAppCheck */ = {
			isa = XCSwiftPackageProductDependency;
			package = 0477A8932B32ECF7009F417E /* XCRemoteSwiftPackageReference "firebase-ios-sdk" */;
			productName = FirebaseAppCheck;
		};
		0477A8A12B32F412009F417E /* FirebaseAuth */ = {
			isa = XCSwiftPackageProductDependency;
			package = 0477A8932B32ECF7009F417E /* XCRemoteSwiftPackageReference "firebase-ios-sdk" */;
			productName = FirebaseAuth;
		};
		0477A8A62B32F9A2009F417E /* FirebaseFirestore */ = {
			isa = XCSwiftPackageProductDependency;
			package = 0477A8932B32ECF7009F417E /* XCRemoteSwiftPackageReference "firebase-ios-sdk" */;
			productName = FirebaseFirestore;
		};
/* End XCSwiftPackageProductDependency section */
	};
	rootObject = 04F72BFA2B2852A70071100D /* Project object */;
}
